
Microsoft Visual Studio Solution File, Format Version 12.00
# Visual Studio Version 16
VisualStudioVersion = 16.0.31702.278
MinimumVisualStudioVersion = 10.0.40219.1
Project("{9A19103F-16F7-4668-BE54-9A1E7A4F7556}") = "RajwadiBus.Web.Server", "Server\RajwadiBus.Web.Server.csproj", "{51281F3F-C03C-4150-99BC-A746986021DD}"
EndProject
Project("{9A19103F-16F7-4668-BE54-9A1E7A4F7556}") = "RajwadiBus.Web.Client", "Client\RajwadiBus.Web.Client.csproj", "{97151EB6-AA43-4709-A247-764B1817CDBC}"
EndProject
Project("{9A19103F-16F7-4668-BE54-9A1E7A4F7556}") = "RajwadiBus.Web.Shared", "Shared\RajwadiBus.Web.Shared.csproj", "{22E9DABD-4611-4545-BD52-F2E38B04A26D}"
EndProject
Global
	GlobalSection(SolutionConfigurationPlatforms) = preSolution
		Debug|Any CPU = Debug|Any CPU
		Release|Any CPU = Release|Any CPU
	EndGlobalSection
	GlobalSection(ProjectConfigurationPlatforms) = postSolution
		{51281F3F-C03C-4150-99BC-A746986021DD}.Debug|Any CPU.ActiveCfg = Debug|Any CPU
		{51281F3F-C03C-4150-99BC-A746986021DD}.Debug|Any CPU.Build.0 = Debug|Any CPU
		{51281F3F-C03C-4150-99BC-A746986021DD}.Release|Any CPU.ActiveCfg = Release|Any CPU
		{51281F3F-C03C-4150-99BC-A746986021DD}.Release|Any CPU.Build.0 = Release|Any CPU
		{97151EB6-AA43-4709-A247-764B1817CDBC}.Debug|Any CPU.ActiveCfg = Debug|Any CPU
		{97151EB6-AA43-4709-A247-764B1817CDBC}.Debug|Any CPU.Build.0 = Debug|Any CPU
		{97151EB6-AA43-4709-A247-764B1817CDBC}.Release|Any CPU.ActiveCfg = Release|Any CPU
		{97151EB6-AA43-4709-A247-764B1817CDBC}.Release|Any CPU.Build.0 = Release|Any CPU
		{22E9DABD-4611-4545-BD52-F2E38B04A26D}.Debug|Any CPU.ActiveCfg = Debug|Any CPU
		{22E9DABD-4611-4545-BD52-F2E38B04A26D}.Debug|Any CPU.Build.0 = Debug|Any CPU
		{22E9DABD-4611-4545-BD52-F2E38B04A26D}.Release|Any CPU.ActiveCfg = Release|Any CPU
		{22E9DABD-4611-4545-BD52-F2E38B04A26D}.Release|Any CPU.Build.0 = Release|Any CPU
	EndGlobalSection
	GlobalSection(SolutionProperties) = preSolution
		HideSolutionNode = FALSE
	EndGlobalSection
	GlobalSection(ExtensibilityGlobals) = postSolution
		SolutionGuid = {F60B73ED-67B5-4E77-AB37-74DF0577A64C}
	EndGlobalSection
EndGlobal
